
Microsoft Visual Studio Solution File, Format Version 12.00
# Visual Studio Version 17
VisualStudioVersion = 17.13.35825.156 d17.13
MinimumVisualStudioVersion = 10.0.40219.1
Project("{FAE04EC0-301F-11D3-BF4B-00C04F79EFBC}") = "Daycake", "Daycake\Daycake.csproj", "{7F473F69-2EAA-4123-8327-5AABE26FA736}"
EndProject
Global
	GlobalSection(SolutionConfigurationPlatforms) = preSolution
		Debug|Any CPU = Debug|Any CPU
		Release|Any CPU = Release|Any CPU
	EndGlobalSection
	GlobalSection(ProjectConfigurationPlatforms) = postSolution
		{7F473F69-2EAA-4123-8327-5AABE26FA736}.Debug|Any CPU.ActiveCfg = Debug|Any CPU
		{7F473F69-2EAA-4123-8327-5AABE26FA736}.Debug|Any CPU.Build.0 = Debug|Any CPU
		{7F473F69-2EAA-4123-8327-5AABE26FA736}.Release|Any CPU.ActiveCfg = Release|Any CPU
		{7F473F69-2EAA-4123-8327-5AABE26FA736}.Release|Any CPU.Build.0 = Release|Any CPU
	EndGlobalSection
	GlobalSection(SolutionProperties) = preSolution
		HideSolutionNode = FALSE
	EndGlobalSection
	GlobalSection(ExtensibilityGlobals) = postSolution
		SolutionGuid = {E7854F09-16F1-43F4-872B-2106A249CE27}
	EndGlobalSection
EndGlobal
